{
  "name": "teeworlds-analyze",
  "version": "1.0.0",
  "lockfileVersion": 3,
  "requires": true,
  "packages": {
    "": {
      "name": "teeworlds-analyze",
      "version": "1.0.0",
      "license": "EPL-2.0",
      "dependencies": {
        "colors": "^1.4.0",
        "teeworlds": "^2.5.4"
      }
    },
    "node_modules/colors": {
      "version": "1.4.0",
      "resolved": "https://registry.npmjs.org/colors/-/colors-1.4.0.tgz",
      "integrity": "sha512-a+UqTh4kgZg/SlGvfbzDHpgRu7AAQOmmqRHJnxhRZICKFUT91brVhNNt58CMWU9PsBbv3PDCZUHbVxuDiH2mtA==",
      "engines": {
        "node": ">=0.1.90"
      }
    },
    "node_modules/teeworlds": {
      "version": "2.5.4",
      "resolved": "https://registry.npmjs.org/teeworlds/-/teeworlds-2.5.4.tgz",
      "integrity": "sha512-RHijWBeg7GcBkLO9nZObHhbLw0prpONf2BBuuULsMLGrh53vV2UBWyI0SzUHe+gyNhn1Qi9T9qwAAXFCkgxhnA=="
    }
  }
}
