{
  "name": "teeworlds-analyze",
  "lockfileVersion": 3,
  "requires": true,
  "packages": {
    "": {
      "dependencies": {
        "teeworlds": "^2.5.4"
      }
    },
    "node_modules/teeworlds": {
      "version": "2.5.4",
      "resolved": "https://registry.npmjs.org/teeworlds/-/teeworlds-2.5.4.tgz",
      "integrity": "sha512-RHijWBeg7GcBkLO9nZObHhbLw0prpONf2BBuuULsMLGrh53vV2UBWyI0SzUHe+gyNhn1Qi9T9qwAAXFCkgxhnA=="
    }
  }
}
